
Microsoft Visual Studio Solution File, Format Version 12.00
# Visual Studio Version 17
VisualStudioVersion = 17.2.32602.215
MinimumVisualStudioVersion = 10.0.40219.1
Project("{9A19103F-16F7-4668-BE54-9A1E7A4F7556}") = "Core", "Core\Core.csproj", "{B481C837-7159-4B41-9FBD-4CD1B84CD4CA}"
EndProject
Project("{9A19103F-16F7-4668-BE54-9A1E7A4F7556}") = "ThridParty", "ThridParty\ThridParty.csproj", "{E4C2549D-8A62-4D01-B5BD-7944FE8CD3D5}"
EndProject
Project("{9A19103F-16F7-4668-BE54-9A1E7A4F7556}") = "App", "App\App.csproj", "{3C5E35B9-82E3-4AD0-BCAE-AC1C7FF2704F}"
EndProject
Project("{9A19103F-16F7-4668-BE54-9A1E7A4F7556}") = "Tool", "Tool\Tool.csproj", "{AAEF9802-DAD9-4337-A702-2EA566F2CACA}"
EndProject
Project("{2150E333-8FDC-42A3-9474-1A3956D46DE8}") = "Framework", "Framework", "{6D34B724-3CA7-4085-B107-1CBEC19A7E70}"
EndProject
Project("{9A19103F-16F7-4668-BE54-9A1E7A4F7556}") = "Module", "Module\Module.csproj", "{96D3DB95-D211-49EE-8672-11FAEB4DE8A9}"
EndProject
Global
	GlobalSection(SolutionConfigurationPlatforms) = preSolution
		Debug|Any CPU = Debug|Any CPU
		Release|Any CPU = Release|Any CPU
	EndGlobalSection
	GlobalSection(ProjectConfigurationPlatforms) = postSolution
		{B481C837-7159-4B41-9FBD-4CD1B84CD4CA}.Debug|Any CPU.ActiveCfg = Debug|Any CPU
		{B481C837-7159-4B41-9FBD-4CD1B84CD4CA}.Debug|Any CPU.Build.0 = Debug|Any CPU
		{B481C837-7159-4B41-9FBD-4CD1B84CD4CA}.Release|Any CPU.ActiveCfg = Release|Any CPU
		{B481C837-7159-4B41-9FBD-4CD1B84CD4CA}.Release|Any CPU.Build.0 = Release|Any CPU
		{E4C2549D-8A62-4D01-B5BD-7944FE8CD3D5}.Debug|Any CPU.ActiveCfg = Debug|Any CPU
		{E4C2549D-8A62-4D01-B5BD-7944FE8CD3D5}.Debug|Any CPU.Build.0 = Debug|Any CPU
		{E4C2549D-8A62-4D01-B5BD-7944FE8CD3D5}.Release|Any CPU.ActiveCfg = Release|Any CPU
		{E4C2549D-8A62-4D01-B5BD-7944FE8CD3D5}.Release|Any CPU.Build.0 = Release|Any CPU
		{3C5E35B9-82E3-4AD0-BCAE-AC1C7FF2704F}.Debug|Any CPU.ActiveCfg = Debug|Any CPU
		{3C5E35B9-82E3-4AD0-BCAE-AC1C7FF2704F}.Debug|Any CPU.Build.0 = Debug|Any CPU
		{3C5E35B9-82E3-4AD0-BCAE-AC1C7FF2704F}.Release|Any CPU.ActiveCfg = Release|Any CPU
		{3C5E35B9-82E3-4AD0-BCAE-AC1C7FF2704F}.Release|Any CPU.Build.0 = Release|Any CPU
		{AAEF9802-DAD9-4337-A702-2EA566F2CACA}.Debug|Any CPU.ActiveCfg = Debug|Any CPU
		{AAEF9802-DAD9-4337-A702-2EA566F2CACA}.Debug|Any CPU.Build.0 = Debug|Any CPU
		{AAEF9802-DAD9-4337-A702-2EA566F2CACA}.Release|Any CPU.ActiveCfg = Release|Any CPU
		{AAEF9802-DAD9-4337-A702-2EA566F2CACA}.Release|Any CPU.Build.0 = Release|Any CPU
		{96D3DB95-D211-49EE-8672-11FAEB4DE8A9}.Debug|Any CPU.ActiveCfg = Debug|Any CPU
		{96D3DB95-D211-49EE-8672-11FAEB4DE8A9}.Debug|Any CPU.Build.0 = Debug|Any CPU
		{96D3DB95-D211-49EE-8672-11FAEB4DE8A9}.Release|Any CPU.ActiveCfg = Release|Any CPU
		{96D3DB95-D211-49EE-8672-11FAEB4DE8A9}.Release|Any CPU.Build.0 = Release|Any CPU
		{41C77883-4BFB-400C-BD50-691EEB20907C}.Debug|Any CPU.ActiveCfg = Debug|Any CPU
		{41C77883-4BFB-400C-BD50-691EEB20907C}.Debug|Any CPU.Build.0 = Debug|Any CPU
		{41C77883-4BFB-400C-BD50-691EEB20907C}.Release|Any CPU.ActiveCfg = Release|Any CPU
		{41C77883-4BFB-400C-BD50-691EEB20907C}.Release|Any CPU.Build.0 = Release|Any CPU
	EndGlobalSection
	GlobalSection(SolutionProperties) = preSolution
		HideSolutionNode = FALSE
	EndGlobalSection
	GlobalSection(NestedProjects) = preSolution
		{B481C837-7159-4B41-9FBD-4CD1B84CD4CA} = {6D34B724-3CA7-4085-B107-1CBEC19A7E70}
		{E4C2549D-8A62-4D01-B5BD-7944FE8CD3D5} = {6D34B724-3CA7-4085-B107-1CBEC19A7E70}
		{3C5E35B9-82E3-4AD0-BCAE-AC1C7FF2704F} = {6D34B724-3CA7-4085-B107-1CBEC19A7E70}
		{AAEF9802-DAD9-4337-A702-2EA566F2CACA} = {6D34B724-3CA7-4085-B107-1CBEC19A7E70}
		{96D3DB95-D211-49EE-8672-11FAEB4DE8A9} = {6D34B724-3CA7-4085-B107-1CBEC19A7E70}
		{41C77883-4BFB-400C-BD50-691EEB20907C} = {6D34B724-3CA7-4085-B107-1CBEC19A7E70}
	EndGlobalSection
	GlobalSection(ExtensibilityGlobals) = postSolution
		SolutionGuid = {8F57150E-4C1E-4C21-B14E-1E3E682DDE32}
	EndGlobalSection
EndGlobal
